# This file is automatically @generated by Poetry 1.8.3 and should not be changed by hand.

[[package]]
name = "asgiref"
version = "3.9.1"
description = "ASGI specs, helper code, and adapters"
optional = false
python-versions = ">=3.9"
files = [
    {file = "asgiref-3.9.1-py3-none-any.whl", hash = "sha256:f3bba7092a48005b5f5bacd747d36ee4a5a61f4a269a6df590b43144355ebd2c"},
    {file = "asgiref-3.9.1.tar.gz", hash = "sha256:a5ab6582236218e5ef1648f242fd9f10626cfd4de8dc377db215d5d5098e3142"},
]

[package.extras]
tests = ["mypy (>=1.14.0)", "pytest", "pytest-asyncio"]

[[package]]
name = "dependency-injector"
version = "4.48.1"
description = "Dependency injection framework for Python"
optional = false
python-versions = ">=3.8"
files = [
    {file = "dependency_injector-4.48.1-cp38-abi3-macosx_11_0_arm64.whl", hash = "sha256:a6f73011d532f3ea59689aad85c7999be6da3f30393041a745d5861cdcdc02e4"},
    {file = "dependency_injector-4.48.1-cp38-abi3-manylinux1_x86_64.manylinux_2_28_x86_64.manylinux_2_5_x86_64.whl", hash = "sha256:ac09f508fa9aee06a036ebf3e3d3b2a210276aba1993e9993cec7f1fdc5fd89e"},
    {file = "dependency_injector-4.48.1-cp38-abi3-manylinux2014_aarch64.manylinux_2_17_aarch64.manylinux_2_28_aarch64.whl", hash = "sha256:1b05a4a980096b53ad90a87965c5450183bfbb8bbe36615d7cea97537086d622"},
    {file = "dependency_injector-4.48.1-cp38-abi3-musllinux_1_2_aarch64.whl", hash = "sha256:0506e98440ee6c48fe660016d602961b1b3ecc0a8227838a2221048ed11e2fca"},
    {file = "dependency_injector-4.48.1-cp38-abi3-musllinux_1_2_x86_64.whl", hash = "sha256:1994622eae8917138626303b176cba4c74e625ba1e588cb09d673ca175d299a2"},
    {file = "dependency_injector-4.48.1-cp38-abi3-win32.whl", hash = "sha256:58d4d81f92e3267c331f160cbbb517fd7644b95ee57a0d6e4b01f53a7e437a4a"},
    {file = "dependency_injector-4.48.1-cp38-abi3-win_amd64.whl", hash = "sha256:572b22b7db9b103718ea52634b5ca1ef763278338310254334f4633a57c9f0e7"},
    {file = "dependency_injector-4.48.1-pp310-pypy310_pp73-macosx_11_0_arm64.whl", hash = "sha256:9a7862987b3dcab5ac4fd82f6bbda55d3b15af1ca7492757c428deccc3720140"},
    {file = "dependency_injector-4.48.1-pp310-pypy310_pp73-manylinux1_x86_64.manylinux_2_28_x86_64.manylinux_2_5_x86_64.whl", hash = "sha256:bb33c6d6b6100564dfaee20f3f76a2756158cceff6499e9d0bca8290f8e5f124"},
    {file = "dependency_injector-4.48.1-pp310-pypy310_pp73-manylinux2014_aarch64.manylinux_2_17_aarch64.manylinux_2_28_aarch64.whl", hash = "sha256:a659380386bd236579b7f82f51e97f6074d0c878a10db5b50086000de6ce3c28"},
    {file = "dependency_injector-4.48.1-pp310-pypy310_pp73-win_amd64.whl", hash = "sha256:76774369c7268d5dd211af75abfcb4433d972760be90db342c2de325ee4c24a0"},
    {file = "dependency_injector-4.48.1-pp311-pypy311_pp73-macosx_11_0_arm64.whl", hash = "sha256:51f8d9d78a1a147908ed7929df628d859251a814e6a001973bd96ae2b5648760"},
    {file = "dependency_injector-4.48.1-pp311-pypy311_pp73-manylinux1_x86_64.manylinux_2_28_x86_64.manylinux_2_5_x86_64.whl", hash = "sha256:2c23ab17cd3e160de1fc5d78719bf86fbfc81c21c8ea02b43832a6a1e2c8a8d8"},
    {file = "dependency_injector-4.48.1-pp311-pypy311_pp73-manylinux2014_aarch64.manylinux_2_17_aarch64.manylinux_2_28_aarch64.whl", hash = "sha256:79be912a0dedb1341b1400018defca6a9966fcb8d4a84b325623fa57d3c08171"},
    {file = "dependency_injector-4.48.1-pp311-pypy311_pp73-win_amd64.whl", hash = "sha256:65d9cf9f4eb31f837ed387210158e0003a4509478de1cbdc56c8439232f22ecd"},
    {file = "dependency_injector-4.48.1.tar.gz", hash = "sha256:1805185e4522effad6d5e348c255d27e80d3f8adc89701daf13d743367392978"},
]

[package.extras]
aiohttp = ["aiohttp"]
flask = ["flask"]
pydantic = ["pydantic"]
pydantic2 = ["pydantic-settings"]
yaml = ["pyyaml"]

[[package]]
name = "django"
version = "5.2.4"
description = "A high-level Python web framework that encourages rapid development and clean, pragmatic design."
optional = false
python-versions = ">=3.10"
files = [
    {file = "django-5.2.4-py3-none-any.whl", hash = "sha256:60c35bd96201b10c6e7a78121bd0da51084733efa303cc19ead021ab179cef5e"},
    {file = "django-5.2.4.tar.gz", hash = "sha256:a1228c384f8fa13eebc015196db7b3e08722c5058d4758d20cb287503a540d8f"},
]

[package.dependencies]
asgiref = ">=3.8.1"
sqlparse = ">=0.3.1"
tzdata = {version = "*", markers = "sys_platform == \"win32\""}

[package.extras]
argon2 = ["argon2-cffi (>=19.1.0)"]
bcrypt = ["bcrypt"]

[[package]]
name = "djangorestframework"
version = "3.16.0"
description = "Web APIs for Django, made easy."
optional = false
python-versions = ">=3.9"
files = [
    {file = "djangorestframework-3.16.0-py3-none-any.whl", hash = "sha256:bea7e9f6b96a8584c5224bfb2e4348dfb3f8b5e34edbecb98da258e892089361"},
    {file = "djangorestframework-3.16.0.tar.gz", hash = "sha256:f022ff46613584de994c0c6a4aebbace5fd700555fbe9d33b865ebf173eba6c9"},
]

[package.dependencies]
django = ">=4.2"

[[package]]
name = "sqlparse"
version = "0.5.3"
description = "A non-validating SQL parser."
optional = false
python-versions = ">=3.8"
files = [
    {file = "sqlparse-0.5.3-py3-none-any.whl", hash = "sha256:cf2196ed3418f3ba5de6af7e82c694a9fbdbfecccdfc72e281548517081f16ca"},
    {file = "sqlparse-0.5.3.tar.gz", hash = "sha256:09f67787f56a0b16ecdbde1bfc7f5d9c3371ca683cfeaa8e6ff60b4807ec9272"},
]

[package.extras]
dev = ["build", "hatch"]
doc = ["sphinx"]

[[package]]
name = "tzdata"
version = "2025.2"
description = "Provider of IANA time zone data"
optional = false
python-versions = ">=2"
files = [
    {file = "tzdata-2025.2-py2.py3-none-any.whl", hash = "sha256:1a403fada01ff9221ca8044d701868fa132215d84beb92242d9acd2147f667a8"},
    {file = "tzdata-2025.2.tar.gz", hash = "sha256:b60a638fcc0daffadf82fe0f57e53d06bdec2f36c4df66280ae79bce6bd6f2b9"},
]

[metadata]
lock-version = "2.0"
python-versions = "^3.11.4"
content-hash = "cfa135f3782b1e2dfe645dc2c0bac7e24496f7e557b239e8120b151a5bbfb6a1"
